// !$*UTF8*$!
{
	archiveVersion = 1;
	classes = {
	};
	objectVersion = 46;
	objects = {

/* Begin PBXBuildFile section */
		4F8B81999BBB4B398094C157 /* libPods.a in Frameworks */ = {isa = PBXBuildFile; fileRef = 2FD1EE3010324CA8944DAB82 /* libPods.a */; };
		625C7E7C163442A500665982 /* DetailViewController.m in Sources */ = {isa = PBXBuildFile; fileRef = 625C7E7B163442A500665982 /* DetailViewController.m */; };
		62E6CFEF1632E4B100106FBE /* UIKit.framework in Frameworks */ = {isa = PBXBuildFile; fileRef = 62E6CFEE1632E4B100106FBE /* UIKit.framework */; };
		62E6CFF11632E4B100106FBE /* Foundation.framework in Frameworks */ = {isa = PBXBuildFile; fileRef = 62E6CFF01632E4B100106FBE /* Foundation.framework */; };
		62E6CFF31632E4B100106FBE /* CoreGraphics.framework in Frameworks */ = {isa = PBXBuildFile; fileRef = 62E6CFF21632E4B100106FBE /* CoreGraphics.framework */; };
		62E6CFF91632E4B100106FBE /* InfoPlist.strings in Resources */ = {isa = PBXBuildFile; fileRef = 62E6CFF71632E4B100106FBE /* InfoPlist.strings */; };
		62E6CFFB1632E4B100106FBE /* main.m in Sources */ = {isa = PBXBuildFile; fileRef = 62E6CFFA1632E4B100106FBE /* main.m */; };
		62E6CFFF1632E4B100106FBE /* AppDelegate.m in Sources */ = {isa = PBXBuildFile; fileRef = 62E6CFFE1632E4B100106FBE /* AppDelegate.m */; };
		62E6D0021632E4B100106FBE /* MainStoryboard.storyboard in Resources */ = {isa = PBXBuildFile; fileRef = 62E6D0001632E4B100106FBE /* MainStoryboard.storyboard */; };
		62E6D01D1632E94400106FBE /* dingdang.caf in Resources */ = {isa = PBXBuildFile; fileRef = 62E6D01C1632E94400106FBE /* dingdang.caf */; };
		62E6D0491632F99F00106FBE /* Seer.xcdatamodeld in Sources */ = {isa = PBXBuildFile; fileRef = 62E6D0471632F99F00106FBE /* Seer.xcdatamodeld */; };
		62E6D04C1633045000106FBE /* Program.m in Sources */ = {isa = PBXBuildFile; fileRef = 62E6D04B1633045000106FBE /* Program.m */; };
		62E6D04F1633045000106FBE /* Channel.m in Sources */ = {isa = PBXBuildFile; fileRef = 62E6D04E1633045000106FBE /* Channel.m */; };
		62E6D0561633D9E000106FBE /* BG.png in Resources */ = {isa = PBXBuildFile; fileRef = 62E6D0501633D9E000106FBE /* BG.png */; };
		62E6D0571633D9E000106FBE /* BG@2x.png in Resources */ = {isa = PBXBuildFile; fileRef = 62E6D0511633D9E000106FBE /* BG@2x.png */; };
		62E6D0581633D9E000106FBE /* Default.png in Resources */ = {isa = PBXBuildFile; fileRef = 62E6D0521633D9E000106FBE /* Default.png */; };
		62E6D0591633D9E000106FBE /* Default@2x.png in Resources */ = {isa = PBXBuildFile; fileRef = 62E6D0531633D9E000106FBE /* Default@2x.png */; };
		62E6D05A1633D9E000106FBE /* listbg.png in Resources */ = {isa = PBXBuildFile; fileRef = 62E6D0541633D9E000106FBE /* listbg.png */; };
		62E6D05B1633D9E000106FBE /* listbg@2x.png in Resources */ = {isa = PBXBuildFile; fileRef = 62E6D0551633D9E000106FBE /* listbg@2x.png */; };
		62EE279D1634321B00D66F18 /* ProgramListTableViewController.m in Sources */ = {isa = PBXBuildFile; fileRef = 62EE279C1634321B00D66F18 /* ProgramListTableViewController.m */; };
/* End PBXBuildFile section */

/* Begin PBXFileReference section */
		2FD1EE3010324CA8944DAB82 /* libPods.a */ = {isa = PBXFileReference; explicitFileType = archive.ar; includeInIndex = 0; path = libPods.a; sourceTree = BUILT_PRODUCTS_DIR; };
		625C7E7A163442A500665982 /* DetailViewController.h */ = {isa = PBXFileReference; fileEncoding = 4; lastKnownFileType = sourcecode.c.h; path = DetailViewController.h; sourceTree = "<group>"; };
		625C7E7B163442A500665982 /* DetailViewController.m */ = {isa = PBXFileReference; fileEncoding = 4; lastKnownFileType = sourcecode.c.objc; path = DetailViewController.m; sourceTree = "<group>"; };
		62E6CFEA1632E4B100106FBE /* Orb.app */ = {isa = PBXFileReference; explicitFileType = wrapper.application; includeInIndex = 0; path = Orb.app; sourceTree = BUILT_PRODUCTS_DIR; };
		62E6CFEE1632E4B100106FBE /* UIKit.framework */ = {isa = PBXFileReference; includeInIndex = 1; lastKnownFileType = wrapper.framework; name = UIKit.framework; path = System/Library/Frameworks/UIKit.framework; sourceTree = SDKROOT; };
		62E6CFF01632E4B100106FBE /* Foundation.framework */ = {isa = PBXFileReference; includeInIndex = 1; lastKnownFileType = wrapper.framework; name = Foundation.framework; path = System/Library/Frameworks/Foundation.framework; sourceTree = SDKROOT; };
		62E6CFF21632E4B100106FBE /* CoreGraphics.framework */ = {isa = PBXFileReference; includeInIndex = 1; lastKnownFileType = wrapper.framework; name = CoreGraphics.framework; path = System/Library/Frameworks/CoreGraphics.framework; sourceTree = SDKROOT; };
		62E6CFF61632E4B100106FBE /* Orb-Info.plist */ = {isa = PBXFileReference; lastKnownFileType = text.plist.xml; path = "Orb-Info.plist"; sourceTree = "<group>"; };
		62E6CFF81632E4B100106FBE /* en */ = {isa = PBXFileReference; lastKnownFileType = text.plist.strings; name = en; path = en.lproj/InfoPlist.strings; sourceTree = "<group>"; };
		62E6CFFA1632E4B100106FBE /* main.m */ = {isa = PBXFileReference; lastKnownFileType = sourcecode.c.objc; path = main.m; sourceTree = "<group>"; };
		62E6CFFC1632E4B100106FBE /* Orb-Prefix.pch */ = {isa = PBXFileReference; lastKnownFileType = sourcecode.c.h; path = "Orb-Prefix.pch"; sourceTree = "<group>"; };
		62E6CFFD1632E4B100106FBE /* AppDelegate.h */ = {isa = PBXFileReference; lastKnownFileType = sourcecode.c.h; path = AppDelegate.h; sourceTree = "<group>"; };
		62E6CFFE1632E4B100106FBE /* AppDelegate.m */ = {isa = PBXFileReference; lastKnownFileType = sourcecode.c.objc; path = AppDelegate.m; sourceTree = "<group>"; };
		62E6D0011632E4B100106FBE /* en */ = {isa = PBXFileReference; lastKnownFileType = file.storyboard; name = en; path = en.lproj/MainStoryboard.storyboard; sourceTree = "<group>"; };
		62E6D0031632E4B100106FBE /* ProgramListTableViewController.h */ = {isa = PBXFileReference; lastKnownFileType = sourcecode.c.h; path = ProgramListTableViewController.h; sourceTree = "<group>"; };
		62E6D01C1632E94400106FBE /* dingdang.caf */ = {isa = PBXFileReference; lastKnownFileType = file; path = dingdang.caf; sourceTree = "<group>"; };
		62E6D0481632F99F00106FBE /* Seer.xcdatamodel */ = {isa = PBXFileReference; lastKnownFileType = wrapper.xcdatamodel; path = Seer.xcdatamodel; sourceTree = "<group>"; };
		62E6D04A1633045000106FBE /* Program.h */ = {isa = PBXFileReference; fileEncoding = 4; lastKnownFileType = sourcecode.c.h; path = Program.h; sourceTree = "<group>"; };
		62E6D04B1633045000106FBE /* Program.m */ = {isa = PBXFileReference; fileEncoding = 4; lastKnownFileType = sourcecode.c.objc; path = Program.m; sourceTree = "<group>"; };
		62E6D04D1633045000106FBE /* Channel.h */ = {isa = PBXFileReference; fileEncoding = 4; lastKnownFileType = sourcecode.c.h; path = Channel.h; sourceTree = "<group>"; };
		62E6D04E1633045000106FBE /* Channel.m */ = {isa = PBXFileReference; fileEncoding = 4; lastKnownFileType = sourcecode.c.objc; path = Channel.m; sourceTree = "<group>"; };
		62E6D0501633D9E000106FBE /* BG.png */ = {isa = PBXFileReference; lastKnownFileType = image.png; path = BG.png; sourceTree = "<group>"; };
		62E6D0511633D9E000106FBE /* BG@2x.png */ = {isa = PBXFileReference; lastKnownFileType = image.png; path = "BG@2x.png"; sourceTree = "<group>"; };
		62E6D0521633D9E000106FBE /* Default.png */ = {isa = PBXFileReference; lastKnownFileType = image.png; path = Default.png; sourceTree = "<group>"; };
		62E6D0531633D9E000106FBE /* Default@2x.png */ = {isa = PBXFileReference; lastKnownFileType = image.png; path = "Default@2x.png"; sourceTree = "<group>"; };
		62E6D0541633D9E000106FBE /* listbg.png */ = {isa = PBXFileReference; lastKnownFileType = image.png; path = listbg.png; sourceTree = "<group>"; };
		62E6D0551633D9E000106FBE /* listbg@2x.png */ = {isa = PBXFileReference; lastKnownFileType = image.png; path = "listbg@2x.png"; sourceTree = "<group>"; };
		62EE279C1634321B00D66F18 /* ProgramListTableViewController.m */ = {isa = PBXFileReference; fileEncoding = 4; lastKnownFileType = sourcecode.c.objc; path = ProgramListTableViewController.m; sourceTree = "<group>"; };
		8007C75E20B64CC3BCEC0AC0 /* Pods.xcconfig */ = {isa = PBXFileReference; includeInIndex = 1; lastKnownFileType = text.xcconfig; name = Pods.xcconfig; path = Pods/Pods.xcconfig; sourceTree = SOURCE_ROOT; };
/* End PBXFileReference section */

/* Begin PBXFrameworksBuildPhase section */
		62E6CFE71632E4B100106FBE /* Frameworks */ = {
			isa = PBXFrameworksBuildPhase;
			buildActionMask = 2147483647;
			files = (
				62E6CFEF1632E4B100106FBE /* UIKit.framework in Frameworks */,
				62E6CFF11632E4B100106FBE /* Foundation.framework in Frameworks */,
				62E6CFF31632E4B100106FBE /* CoreGraphics.framework in Frameworks */,
				4F8B81999BBB4B398094C157 /* libPods.a in Frameworks */,
			);
			runOnlyForDeploymentPostprocessing = 0;
		};
/* End PBXFrameworksBuildPhase section */

/* Begin PBXGroup section */
		62E6CFDF1632E4B000106FBE = {
			isa = PBXGroup;
			children = (
				62E6CFF41632E4B100106FBE /* Orb */,
				62E6CFED1632E4B100106FBE /* Frameworks */,
				62E6CFEB1632E4B100106FBE /* Products */,
				8007C75E20B64CC3BCEC0AC0 /* Pods.xcconfig */,
			);
			sourceTree = "<group>";
		};
		62E6CFEB1632E4B100106FBE /* Products */ = {
			isa = PBXGroup;
			children = (
				62E6CFEA1632E4B100106FBE /* Orb.app */,
			);
			name = Products;
			sourceTree = "<group>";
		};
		62E6CFED1632E4B100106FBE /* Frameworks */ = {
			isa = PBXGroup;
			children = (
				62E6CFEE1632E4B100106FBE /* UIKit.framework */,
				62E6CFF01632E4B100106FBE /* Foundation.framework */,
				62E6CFF21632E4B100106FBE /* CoreGraphics.framework */,
				2FD1EE3010324CA8944DAB82 /* libPods.a */,
			);
			name = Frameworks;
			sourceTree = "<group>";
		};
		62E6CFF41632E4B100106FBE /* Orb */ = {
			isa = PBXGroup;
			children = (
				62E6D02B1632EF7500106FBE /* models */,
				62E6D01A1632E92200106FBE /* res */,
				62E6CFFD1632E4B100106FBE /* AppDelegate.h */,
				62E6CFFE1632E4B100106FBE /* AppDelegate.m */,
				62E6D0001632E4B100106FBE /* MainStoryboard.storyboard */,
				62E6D0031632E4B100106FBE /* ProgramListTableViewController.h */,
				62EE279C1634321B00D66F18 /* ProgramListTableViewController.m */,
				625C7E7A163442A500665982 /* DetailViewController.h */,
				625C7E7B163442A500665982 /* DetailViewController.m */,
				62E6CFF51632E4B100106FBE /* Supporting Files */,
			);
			path = Orb;
			sourceTree = "<group>";
		};
		62E6CFF51632E4B100106FBE /* Supporting Files */ = {
			isa = PBXGroup;
			children = (
				62E6CFF61632E4B100106FBE /* Orb-Info.plist */,
				62E6CFF71632E4B100106FBE /* InfoPlist.strings */,
				62E6CFFA1632E4B100106FBE /* main.m */,
				62E6CFFC1632E4B100106FBE /* Orb-Prefix.pch */,
			);
			name = "Supporting Files";
			sourceTree = "<group>";
		};
		62E6D01A1632E92200106FBE /* res */ = {
			isa = PBXGroup;
			children = (
				62E6D0501633D9E000106FBE /* BG.png */,
				62E6D0511633D9E000106FBE /* BG@2x.png */,
				62E6D0521633D9E000106FBE /* Default.png */,
				62E6D0531633D9E000106FBE /* Default@2x.png */,
				62E6D0541633D9E000106FBE /* listbg.png */,
				62E6D0551633D9E000106FBE /* listbg@2x.png */,
				62E6D01C1632E94400106FBE /* dingdang.caf */,
				62E6D0471632F99F00106FBE /* Seer.xcdatamodeld */,
			);
			name = res;
			sourceTree = "<group>";
		};
		62E6D02B1632EF7500106FBE /* models */ = {
			isa = PBXGroup;
			children = (
				62E6D04D1633045000106FBE /* Channel.h */,
				62E6D04E1633045000106FBE /* Channel.m */,
				62E6D04A1633045000106FBE /* Program.h */,
				62E6D04B1633045000106FBE /* Program.m */,
			);
			name = models;
			sourceTree = "<group>";
		};
/* End PBXGroup section */

/* Begin PBXNativeTarget section */
		62E6CFE91632E4B100106FBE /* Orb */ = {
			isa = PBXNativeTarget;
			buildConfigurationList = 62E6D0081632E4B100106FBE /* Build configuration list for PBXNativeTarget "Orb" */;
			buildPhases = (
				62E6CFE61632E4B100106FBE /* Sources */,
				62E6CFE71632E4B100106FBE /* Frameworks */,
				62E6CFE81632E4B100106FBE /* Resources */,
				F1B9673EEB8643339E2A7D35 /* Copy Pods Resources */,
			);
			buildRules = (
			);
			dependencies = (
			);
			name = Orb;
			productName = Orb;
			productReference = 62E6CFEA1632E4B100106FBE /* Orb.app */;
			productType = "com.apple.product-type.application";
		};
/* End PBXNativeTarget section */

/* Begin PBXProject section */
		62E6CFE11632E4B000106FBE /* Project object */ = {
			isa = PBXProject;
			attributes = {
				LastUpgradeCheck = 0440;
				ORGANIZATIONNAME = everbird;
			};
			buildConfigurationList = 62E6CFE41632E4B000106FBE /* Build configuration list for PBXProject "Orb" */;
			compatibilityVersion = "Xcode 3.2";
			developmentRegion = English;
			hasScannedForEncodings = 0;
			knownRegions = (
				en,
			);
			mainGroup = 62E6CFDF1632E4B000106FBE;
			productRefGroup = 62E6CFEB1632E4B100106FBE /* Products */;
			projectDirPath = "";
			projectRoot = "";
			targets = (
				62E6CFE91632E4B100106FBE /* Orb */,
			);
		};
/* End PBXProject section */

/* Begin PBXResourcesBuildPhase section */
		62E6CFE81632E4B100106FBE /* Resources */ = {
			isa = PBXResourcesBuildPhase;
			buildActionMask = 2147483647;
			files = (
				62E6CFF91632E4B100106FBE /* InfoPlist.strings in Resources */,
				62E6D0021632E4B100106FBE /* MainStoryboard.storyboard in Resources */,
				62E6D01D1632E94400106FBE /* dingdang.caf in Resources */,
				62E6D0561633D9E000106FBE /* BG.png in Resources */,
				62E6D0571633D9E000106FBE /* BG@2x.png in Resources */,
				62E6D0581633D9E000106FBE /* Default.png in Resources */,
				62E6D0591633D9E000106FBE /* Default@2x.png in Resources */,
				62E6D05A1633D9E000106FBE /* listbg.png in Resources */,
				62E6D05B1633D9E000106FBE /* listbg@2x.png in Resources */,
			);
			runOnlyForDeploymentPostprocessing = 0;
		};
/* End PBXResourcesBuildPhase section */

/* Begin PBXShellScriptBuildPhase section */
		F1B9673EEB8643339E2A7D35 /* Copy Pods Resources */ = {
			isa = PBXShellScriptBuildPhase;
			buildActionMask = 2147483647;
			files = (
			);
			inputPaths = (
			);
			name = "Copy Pods Resources";
			outputPaths = (
			);
			runOnlyForDeploymentPostprocessing = 0;
			shellPath = /bin/sh;
			shellScript = "\"${SRCROOT}/Pods/Pods-resources.sh\"\n";
		};
/* End PBXShellScriptBuildPhase section */

/* Begin PBXSourcesBuildPhase section */
		62E6CFE61632E4B100106FBE /* Sources */ = {
			isa = PBXSourcesBuildPhase;
			buildActionMask = 2147483647;
			files = (
				62E6CFFB1632E4B100106FBE /* main.m in Sources */,
				62E6CFFF1632E4B100106FBE /* AppDelegate.m in Sources */,
				62E6D0491632F99F00106FBE /* Seer.xcdatamodeld in Sources */,
				62E6D04C1633045000106FBE /* Program.m in Sources */,
				62E6D04F1633045000106FBE /* Channel.m in Sources */,
				62EE279D1634321B00D66F18 /* ProgramListTableViewController.m in Sources */,
				625C7E7C163442A500665982 /* DetailViewController.m in Sources */,
			);
			runOnlyForDeploymentPostprocessing = 0;
		};
/* End PBXSourcesBuildPhase section */

/* Begin PBXVariantGroup section */
		62E6CFF71632E4B100106FBE /* InfoPlist.strings */ = {
			isa = PBXVariantGroup;
			children = (
				62E6CFF81632E4B100106FBE /* en */,
			);
			name = InfoPlist.strings;
			sourceTree = "<group>";
		};
		62E6D0001632E4B100106FBE /* MainStoryboard.storyboard */ = {
			isa = PBXVariantGroup;
			children = (
				62E6D0011632E4B100106FBE /* en */,
			);
			name = MainStoryboard.storyboard;
			sourceTree = "<group>";
		};
/* End PBXVariantGroup section */

/* Begin XCBuildConfiguration section */
		62E6D0061632E4B100106FBE /* Debug */ = {
			isa = XCBuildConfiguration;
			buildSettings = {
				ALWAYS_SEARCH_USER_PATHS = NO;
				ARCHS = "$(ARCHS_STANDARD_32_BIT)";
				CLANG_CXX_LANGUAGE_STANDARD = "gnu++0x";
				CLANG_ENABLE_OBJC_ARC = YES;
				CLANG_WARN__DUPLICATE_METHOD_MATCH = YES;
				"CODE_SIGN_IDENTITY[sdk=iphoneos*]" = "iPhone Developer";
				COPY_PHASE_STRIP = NO;
				GCC_C_LANGUAGE_STANDARD = gnu99;
				GCC_DYNAMIC_NO_PIC = NO;
				GCC_OPTIMIZATION_LEVEL = 0;
				GCC_PREPROCESSOR_DEFINITIONS = (
					"DEBUG=1",
					"$(inherited)",
				);
				GCC_SYMBOLS_PRIVATE_EXTERN = NO;
				GCC_VERSION = com.apple.compilers.llvm.clang.1_0;
				GCC_WARN_ABOUT_RETURN_TYPE = YES;
				GCC_WARN_UNINITIALIZED_AUTOS = YES;
				GCC_WARN_UNUSED_VARIABLE = YES;
				IPHONEOS_DEPLOYMENT_TARGET = 5.1;
				SDKROOT = iphoneos;
			};
			name = Debug;
		};
		62E6D0071632E4B100106FBE /* Release */ = {
			isa = XCBuildConfiguration;
			buildSettings = {
				ALWAYS_SEARCH_USER_PATHS = NO;
				ARCHS = "$(ARCHS_STANDARD_32_BIT)";
				CLANG_CXX_LANGUAGE_STANDARD = "gnu++0x";
				CLANG_ENABLE_OBJC_ARC = YES;
				CLANG_WARN__DUPLICATE_METHOD_MATCH = YES;
				"CODE_SIGN_IDENTITY[sdk=iphoneos*]" = "iPhone Developer";
				COPY_PHASE_STRIP = YES;
				GCC_C_LANGUAGE_STANDARD = gnu99;
				GCC_VERSION = com.apple.compilers.llvm.clang.1_0;
				GCC_WARN_ABOUT_RETURN_TYPE = YES;
				GCC_WARN_UNINITIALIZED_AUTOS = YES;
				GCC_WARN_UNUSED_VARIABLE = YES;
				IPHONEOS_DEPLOYMENT_TARGET = 5.1;
				OTHER_CFLAGS = "-DNS_BLOCK_ASSERTIONS=1";
				SDKROOT = iphoneos;
				VALIDATE_PRODUCT = YES;
			};
			name = Release;
		};
		62E6D0091632E4B100106FBE /* Debug */ = {
			isa = XCBuildConfiguration;
			baseConfigurationReference = 8007C75E20B64CC3BCEC0AC0 /* Pods.xcconfig */;
			buildSettings = {
				GCC_PRECOMPILE_PREFIX_HEADER = YES;
				GCC_PREFIX_HEADER = "Orb/Orb-Prefix.pch";
				INFOPLIST_FILE = "Orb/Orb-Info.plist";
				PRODUCT_NAME = "$(TARGET_NAME)";
				WRAPPER_EXTENSION = app;
			};
			name = Debug;
		};
		62E6D00A1632E4B100106FBE /* Release */ = {
			isa = XCBuildConfiguration;
			baseConfigurationReference = 8007C75E20B64CC3BCEC0AC0 /* Pods.xcconfig */;
			buildSettings = {
				GCC_PRECOMPILE_PREFIX_HEADER = YES;
				GCC_PREFIX_HEADER = "Orb/Orb-Prefix.pch";
				INFOPLIST_FILE = "Orb/Orb-Info.plist";
				PRODUCT_NAME = "$(TARGET_NAME)";
				WRAPPER_EXTENSION = app;
			};
			name = Release;
		};
/* End XCBuildConfiguration section */

/* Begin XCConfigurationList section */
		62E6CFE41632E4B000106FBE /* Build configuration list for PBXProject "Orb" */ = {
			isa = XCConfigurationList;
			buildConfigurations = (
				62E6D0061632E4B100106FBE /* Debug */,
				62E6D0071632E4B100106FBE /* Release */,
			);
			defaultConfigurationIsVisible = 0;
			defaultConfigurationName = Release;
		};
		62E6D0081632E4B100106FBE /* Build configuration list for PBXNativeTarget "Orb" */ = {
			isa = XCConfigurationList;
			buildConfigurations = (
				62E6D0091632E4B100106FBE /* Debug */,
				62E6D00A1632E4B100106FBE /* Release */,
			);
			defaultConfigurationIsVisible = 0;
			defaultConfigurationName = Release;
		};
/* End XCConfigurationList section */

/* Begin XCVersionGroup section */
		62E6D0471632F99F00106FBE /* Seer.xcdatamodeld */ = {
			isa = XCVersionGroup;
			children = (
				62E6D0481632F99F00106FBE /* Seer.xcdatamodel */,
			);
			currentVersion = 62E6D0481632F99F00106FBE /* Seer.xcdatamodel */;
			path = Seer.xcdatamodeld;
			sourceTree = "<group>";
			versionGroupType = wrapper.xcdatamodel;
		};
/* End XCVersionGroup section */
	};
	rootObject = 62E6CFE11632E4B000106FBE /* Project object */;
}
