// !$*UTF8*$!
{
	archiveVersion = 1;
	classes = {
	};
	objectVersion = 46;
	objects = {

/* Begin PBXBuildFile section */
		4F8B81999BBB4B398094C157 /* libPods.a in Frameworks */ = {isa = PBXBuildFile; fileRef = 2FD1EE3010324CA8944DAB82 /* libPods.a */; };
		620BBAB41657D09B00AB3E36 /* Share.xcconfig in Resources */ = {isa = PBXBuildFile; fileRef = 620BBAB31657D09B00AB3E36 /* Share.xcconfig */; };
		620BBB131657D49300AB3E36 /* Dev-Product.xcconfig in Resources */ = {isa = PBXBuildFile; fileRef = 620BBB121657D49300AB3E36 /* Dev-Product.xcconfig */; };
		620BBB151657D90E00AB3E36 /* Dev-LocalDev.xcconfig in Resources */ = {isa = PBXBuildFile; fileRef = 620BBB141657D90E00AB3E36 /* Dev-LocalDev.xcconfig */; };
		620BBB171657D93600AB3E36 /* Release.xcconfig in Resources */ = {isa = PBXBuildFile; fileRef = 620BBB161657D93600AB3E36 /* Release.xcconfig */; };
		620BBB1A1657D98400AB3E36 /* main.m in Sources */ = {isa = PBXBuildFile; fileRef = 62E6CFFA1632E4B100106FBE /* main.m */; };
		620BBB1B1657D98400AB3E36 /* AppDelegate.m in Sources */ = {isa = PBXBuildFile; fileRef = 62E6CFFE1632E4B100106FBE /* AppDelegate.m */; };
		620BBB1C1657D98400AB3E36 /* Seer.xcdatamodeld in Sources */ = {isa = PBXBuildFile; fileRef = 62E6D0471632F99F00106FBE /* Seer.xcdatamodeld */; };
		620BBB1D1657D98400AB3E36 /* Channel.m in Sources */ = {isa = PBXBuildFile; fileRef = 62E6D04E1633045000106FBE /* Channel.m */; };
		620BBB1E1657D98400AB3E36 /* ProgramListTableViewController.m in Sources */ = {isa = PBXBuildFile; fileRef = 62EE279C1634321B00D66F18 /* ProgramListTableViewController.m */; };
		620BBB1F1657D98400AB3E36 /* DetailViewController.m in Sources */ = {isa = PBXBuildFile; fileRef = 625C7E7B163442A500665982 /* DetailViewController.m */; };
		620BBB201657D98400AB3E36 /* ProgramCell.m in Sources */ = {isa = PBXBuildFile; fileRef = 625340921638285000B53A58 /* ProgramCell.m */; };
		620BBB211657D98400AB3E36 /* RevealRootController.m in Sources */ = {isa = PBXBuildFile; fileRef = 62F373931640225C00E0F103 /* RevealRootController.m */; };
		620BBB221657D98400AB3E36 /* SideBarTableViewController.m in Sources */ = {isa = PBXBuildFile; fileRef = 62F3739A1640246100E0F103 /* SideBarTableViewController.m */; };
		620BBB231657D98400AB3E36 /* AppContext.m in Sources */ = {isa = PBXBuildFile; fileRef = 62EB60E0164944EC005EA3C0 /* AppContext.m */; };
		620BBB241657D98400AB3E36 /* AppContext+Data.m in Sources */ = {isa = PBXBuildFile; fileRef = 621AEFB1164D419400F70FC2 /* AppContext+Data.m */; };
		620BBB251657D98400AB3E36 /* AppContext+RestKit.m in Sources */ = {isa = PBXBuildFile; fileRef = 621AEFB5164D425400F70FC2 /* AppContext+RestKit.m */; };
		620BBB261657D98400AB3E36 /* OBSearchDisplayController.m in Sources */ = {isa = PBXBuildFile; fileRef = 621AEFC2164F619600F70FC2 /* OBSearchDisplayController.m */; };
		620BBB271657D98400AB3E36 /* MenuCategoryCell.m in Sources */ = {isa = PBXBuildFile; fileRef = 6277C213164FC8D5006119A9 /* MenuCategoryCell.m */; };
		620BBB281657D98400AB3E36 /* ChannelsViewController.m in Sources */ = {isa = PBXBuildFile; fileRef = 6277C21B164FE4D4006119A9 /* ChannelsViewController.m */; };
		620BBB291657D98400AB3E36 /* ChannelCell.m in Sources */ = {isa = PBXBuildFile; fileRef = 6277C21F164FE567006119A9 /* ChannelCell.m */; };
		620BBB2A1657D98400AB3E36 /* CurrentProgramsViewController.m in Sources */ = {isa = PBXBuildFile; fileRef = 625F4B3616529371005B5A6A /* CurrentProgramsViewController.m */; };
		620BBB2B1657D98400AB3E36 /* Program.m in Sources */ = {isa = PBXBuildFile; fileRef = 62C893EA1652A2BE0093017C /* Program.m */; };
		620BBB2D1657D98400AB3E36 /* UIKit.framework in Frameworks */ = {isa = PBXBuildFile; fileRef = 62E6CFEE1632E4B100106FBE /* UIKit.framework */; };
		620BBB2E1657D98400AB3E36 /* Foundation.framework in Frameworks */ = {isa = PBXBuildFile; fileRef = 62E6CFF01632E4B100106FBE /* Foundation.framework */; };
		620BBB2F1657D98400AB3E36 /* CoreGraphics.framework in Frameworks */ = {isa = PBXBuildFile; fileRef = 62E6CFF21632E4B100106FBE /* CoreGraphics.framework */; };
		620BBB301657D98400AB3E36 /* libPods.a in Frameworks */ = {isa = PBXBuildFile; fileRef = 2FD1EE3010324CA8944DAB82 /* libPods.a */; };
		620BBB321657D98400AB3E36 /* InfoPlist.strings in Resources */ = {isa = PBXBuildFile; fileRef = 62E6CFF71632E4B100106FBE /* InfoPlist.strings */; };
		620BBB331657D98400AB3E36 /* MainStoryboard.storyboard in Resources */ = {isa = PBXBuildFile; fileRef = 62E6D0001632E4B100106FBE /* MainStoryboard.storyboard */; };
		620BBB341657D98400AB3E36 /* dingdang.caf in Resources */ = {isa = PBXBuildFile; fileRef = 62E6D01C1632E94400106FBE /* dingdang.caf */; };
		620BBB351657D98400AB3E36 /* BG.png in Resources */ = {isa = PBXBuildFile; fileRef = 62E6D0501633D9E000106FBE /* BG.png */; };
		620BBB361657D98400AB3E36 /* BG@2x.png in Resources */ = {isa = PBXBuildFile; fileRef = 62E6D0511633D9E000106FBE /* BG@2x.png */; };
		620BBB371657D98400AB3E36 /* Default.png in Resources */ = {isa = PBXBuildFile; fileRef = 62E6D0521633D9E000106FBE /* Default.png */; };
		620BBB381657D98400AB3E36 /* Default@2x.png in Resources */ = {isa = PBXBuildFile; fileRef = 62E6D0531633D9E000106FBE /* Default@2x.png */; };
		620BBB391657D98400AB3E36 /* listbg.png in Resources */ = {isa = PBXBuildFile; fileRef = 62E6D0541633D9E000106FBE /* listbg.png */; };
		620BBB3A1657D98400AB3E36 /* listbg@2x.png in Resources */ = {isa = PBXBuildFile; fileRef = 62E6D0551633D9E000106FBE /* listbg@2x.png */; };
		620BBB3B1657D98400AB3E36 /* Share.xcconfig in Resources */ = {isa = PBXBuildFile; fileRef = 620BBAB31657D09B00AB3E36 /* Share.xcconfig */; };
		620BBB3C1657D98400AB3E36 /* Dev-Product.xcconfig in Resources */ = {isa = PBXBuildFile; fileRef = 620BBB121657D49300AB3E36 /* Dev-Product.xcconfig */; };
		620BBB3D1657D98400AB3E36 /* Dev-LocalDev.xcconfig in Resources */ = {isa = PBXBuildFile; fileRef = 620BBB141657D90E00AB3E36 /* Dev-LocalDev.xcconfig */; };
		620BBB3E1657D98400AB3E36 /* Release.xcconfig in Resources */ = {isa = PBXBuildFile; fileRef = 620BBB161657D93600AB3E36 /* Release.xcconfig */; };
		621AEFB2164D419400F70FC2 /* AppContext+Data.m in Sources */ = {isa = PBXBuildFile; fileRef = 621AEFB1164D419400F70FC2 /* AppContext+Data.m */; };
		621AEFB6164D425400F70FC2 /* AppContext+RestKit.m in Sources */ = {isa = PBXBuildFile; fileRef = 621AEFB5164D425400F70FC2 /* AppContext+RestKit.m */; };
		621AEFC3164F619600F70FC2 /* OBSearchDisplayController.m in Sources */ = {isa = PBXBuildFile; fileRef = 621AEFC2164F619600F70FC2 /* OBSearchDisplayController.m */; };
		625340931638285000B53A58 /* ProgramCell.m in Sources */ = {isa = PBXBuildFile; fileRef = 625340921638285000B53A58 /* ProgramCell.m */; };
		625C7E7C163442A500665982 /* DetailViewController.m in Sources */ = {isa = PBXBuildFile; fileRef = 625C7E7B163442A500665982 /* DetailViewController.m */; };
		625F4B3716529371005B5A6A /* CurrentProgramsViewController.m in Sources */ = {isa = PBXBuildFile; fileRef = 625F4B3616529371005B5A6A /* CurrentProgramsViewController.m */; };
		6277C214164FC8D5006119A9 /* MenuCategoryCell.m in Sources */ = {isa = PBXBuildFile; fileRef = 6277C213164FC8D5006119A9 /* MenuCategoryCell.m */; };
		6277C21C164FE4D4006119A9 /* ChannelsViewController.m in Sources */ = {isa = PBXBuildFile; fileRef = 6277C21B164FE4D4006119A9 /* ChannelsViewController.m */; };
		6277C220164FE567006119A9 /* ChannelCell.m in Sources */ = {isa = PBXBuildFile; fileRef = 6277C21F164FE567006119A9 /* ChannelCell.m */; };
		627872161657DCF900306128 /* Dev-Dev.xcconfig in Resources */ = {isa = PBXBuildFile; fileRef = 627872151657DCF900306128 /* Dev-Dev.xcconfig */; };
		627872171657DCF900306128 /* Dev-Dev.xcconfig in Resources */ = {isa = PBXBuildFile; fileRef = 627872151657DCF900306128 /* Dev-Dev.xcconfig */; };
		62C893EB1652A2BE0093017C /* Program.m in Sources */ = {isa = PBXBuildFile; fileRef = 62C893EA1652A2BE0093017C /* Program.m */; };
		62E6CFEF1632E4B100106FBE /* UIKit.framework in Frameworks */ = {isa = PBXBuildFile; fileRef = 62E6CFEE1632E4B100106FBE /* UIKit.framework */; };
		62E6CFF11632E4B100106FBE /* Foundation.framework in Frameworks */ = {isa = PBXBuildFile; fileRef = 62E6CFF01632E4B100106FBE /* Foundation.framework */; };
		62E6CFF31632E4B100106FBE /* CoreGraphics.framework in Frameworks */ = {isa = PBXBuildFile; fileRef = 62E6CFF21632E4B100106FBE /* CoreGraphics.framework */; };
		62E6CFF91632E4B100106FBE /* InfoPlist.strings in Resources */ = {isa = PBXBuildFile; fileRef = 62E6CFF71632E4B100106FBE /* InfoPlist.strings */; };
		62E6CFFB1632E4B100106FBE /* main.m in Sources */ = {isa = PBXBuildFile; fileRef = 62E6CFFA1632E4B100106FBE /* main.m */; };
		62E6CFFF1632E4B100106FBE /* AppDelegate.m in Sources */ = {isa = PBXBuildFile; fileRef = 62E6CFFE1632E4B100106FBE /* AppDelegate.m */; };
		62E6D0021632E4B100106FBE /* MainStoryboard.storyboard in Resources */ = {isa = PBXBuildFile; fileRef = 62E6D0001632E4B100106FBE /* MainStoryboard.storyboard */; };
		62E6D01D1632E94400106FBE /* dingdang.caf in Resources */ = {isa = PBXBuildFile; fileRef = 62E6D01C1632E94400106FBE /* dingdang.caf */; };
		62E6D0491632F99F00106FBE /* Seer.xcdatamodeld in Sources */ = {isa = PBXBuildFile; fileRef = 62E6D0471632F99F00106FBE /* Seer.xcdatamodeld */; };
		62E6D04F1633045000106FBE /* Channel.m in Sources */ = {isa = PBXBuildFile; fileRef = 62E6D04E1633045000106FBE /* Channel.m */; };
		62E6D0561633D9E000106FBE /* BG.png in Resources */ = {isa = PBXBuildFile; fileRef = 62E6D0501633D9E000106FBE /* BG.png */; };
		62E6D0571633D9E000106FBE /* BG@2x.png in Resources */ = {isa = PBXBuildFile; fileRef = 62E6D0511633D9E000106FBE /* BG@2x.png */; };
		62E6D0581633D9E000106FBE /* Default.png in Resources */ = {isa = PBXBuildFile; fileRef = 62E6D0521633D9E000106FBE /* Default.png */; };
		62E6D0591633D9E000106FBE /* Default@2x.png in Resources */ = {isa = PBXBuildFile; fileRef = 62E6D0531633D9E000106FBE /* Default@2x.png */; };
		62E6D05A1633D9E000106FBE /* listbg.png in Resources */ = {isa = PBXBuildFile; fileRef = 62E6D0541633D9E000106FBE /* listbg.png */; };
		62E6D05B1633D9E000106FBE /* listbg@2x.png in Resources */ = {isa = PBXBuildFile; fileRef = 62E6D0551633D9E000106FBE /* listbg@2x.png */; };
		62EB60E1164944EC005EA3C0 /* AppContext.m in Sources */ = {isa = PBXBuildFile; fileRef = 62EB60E0164944EC005EA3C0 /* AppContext.m */; };
		62EE279D1634321B00D66F18 /* ProgramListTableViewController.m in Sources */ = {isa = PBXBuildFile; fileRef = 62EE279C1634321B00D66F18 /* ProgramListTableViewController.m */; };
		62F373941640225C00E0F103 /* RevealRootController.m in Sources */ = {isa = PBXBuildFile; fileRef = 62F373931640225C00E0F103 /* RevealRootController.m */; };
		62F3739B1640246100E0F103 /* SideBarTableViewController.m in Sources */ = {isa = PBXBuildFile; fileRef = 62F3739A1640246100E0F103 /* SideBarTableViewController.m */; };
/* End PBXBuildFile section */

/* Begin PBXFileReference section */
		2FD1EE3010324CA8944DAB82 /* libPods.a */ = {isa = PBXFileReference; explicitFileType = archive.ar; includeInIndex = 0; path = libPods.a; sourceTree = BUILT_PRODUCTS_DIR; };
		620BBAB31657D09B00AB3E36 /* Share.xcconfig */ = {isa = PBXFileReference; fileEncoding = 4; lastKnownFileType = text.xcconfig; path = Share.xcconfig; sourceTree = "<group>"; };
		620BBB111657D36200AB3E36 /* AppConfig.h */ = {isa = PBXFileReference; fileEncoding = 4; lastKnownFileType = sourcecode.c.h; path = AppConfig.h; sourceTree = "<group>"; };
		620BBB121657D49300AB3E36 /* Dev-Product.xcconfig */ = {isa = PBXFileReference; fileEncoding = 4; lastKnownFileType = text.xcconfig; path = "Dev-Product.xcconfig"; sourceTree = "<group>"; };
		620BBB141657D90E00AB3E36 /* Dev-LocalDev.xcconfig */ = {isa = PBXFileReference; fileEncoding = 4; lastKnownFileType = text.xcconfig; path = "Dev-LocalDev.xcconfig"; sourceTree = "<group>"; };
		620BBB161657D93600AB3E36 /* Release.xcconfig */ = {isa = PBXFileReference; fileEncoding = 4; lastKnownFileType = text.xcconfig; path = Release.xcconfig; sourceTree = "<group>"; };
		620BBB431657D98400AB3E36 /* Orb Dev.app */ = {isa = PBXFileReference; explicitFileType = wrapper.application; includeInIndex = 0; path = "Orb Dev.app"; sourceTree = BUILT_PRODUCTS_DIR; };
		620BBB451657D98500AB3E36 /* Orb Dev-Info.plist */ = {isa = PBXFileReference; lastKnownFileType = text.plist.xml; name = "Orb Dev-Info.plist"; path = "/Users/everbird/workspace/seer/Orb/Orb Dev-Info.plist"; sourceTree = "<absolute>"; };
		621AEFB0164D419400F70FC2 /* AppContext+Data.h */ = {isa = PBXFileReference; fileEncoding = 4; lastKnownFileType = sourcecode.c.h; path = "AppContext+Data.h"; sourceTree = "<group>"; };
		621AEFB1164D419400F70FC2 /* AppContext+Data.m */ = {isa = PBXFileReference; fileEncoding = 4; lastKnownFileType = sourcecode.c.objc; path = "AppContext+Data.m"; sourceTree = "<group>"; };
		621AEFB4164D425400F70FC2 /* AppContext+RestKit.h */ = {isa = PBXFileReference; fileEncoding = 4; lastKnownFileType = sourcecode.c.h; path = "AppContext+RestKit.h"; sourceTree = "<group>"; };
		621AEFB5164D425400F70FC2 /* AppContext+RestKit.m */ = {isa = PBXFileReference; fileEncoding = 4; lastKnownFileType = sourcecode.c.objc; path = "AppContext+RestKit.m"; sourceTree = "<group>"; };
		621AEFB7164D42EC00F70FC2 /* AppConsts.h */ = {isa = PBXFileReference; fileEncoding = 4; lastKnownFileType = sourcecode.c.h; path = AppConsts.h; sourceTree = "<group>"; };
		621AEFB8164D433000F70FC2 /* AppCommon.h */ = {isa = PBXFileReference; fileEncoding = 4; lastKnownFileType = sourcecode.c.h; path = AppCommon.h; sourceTree = "<group>"; };
		621AEFC0164E063B00F70FC2 /* AppDefines.h */ = {isa = PBXFileReference; fileEncoding = 4; lastKnownFileType = sourcecode.c.h; path = AppDefines.h; sourceTree = "<group>"; };
		621AEFC1164F619600F70FC2 /* OBSearchDisplayController.h */ = {isa = PBXFileReference; fileEncoding = 4; lastKnownFileType = sourcecode.c.h; path = OBSearchDisplayController.h; sourceTree = "<group>"; };
		621AEFC2164F619600F70FC2 /* OBSearchDisplayController.m */ = {isa = PBXFileReference; fileEncoding = 4; lastKnownFileType = sourcecode.c.objc; path = OBSearchDisplayController.m; sourceTree = "<group>"; };
		625340911638285000B53A58 /* ProgramCell.h */ = {isa = PBXFileReference; fileEncoding = 4; lastKnownFileType = sourcecode.c.h; path = ProgramCell.h; sourceTree = "<group>"; };
		625340921638285000B53A58 /* ProgramCell.m */ = {isa = PBXFileReference; fileEncoding = 4; lastKnownFileType = sourcecode.c.objc; path = ProgramCell.m; sourceTree = "<group>"; };
		625C7E7A163442A500665982 /* DetailViewController.h */ = {isa = PBXFileReference; fileEncoding = 4; lastKnownFileType = sourcecode.c.h; path = DetailViewController.h; sourceTree = "<group>"; };
		625C7E7B163442A500665982 /* DetailViewController.m */ = {isa = PBXFileReference; fileEncoding = 4; lastKnownFileType = sourcecode.c.objc; path = DetailViewController.m; sourceTree = "<group>"; };
		625F4B3516529371005B5A6A /* CurrentProgramsViewController.h */ = {isa = PBXFileReference; fileEncoding = 4; lastKnownFileType = sourcecode.c.h; path = CurrentProgramsViewController.h; sourceTree = "<group>"; };
		625F4B3616529371005B5A6A /* CurrentProgramsViewController.m */ = {isa = PBXFileReference; fileEncoding = 4; lastKnownFileType = sourcecode.c.objc; path = CurrentProgramsViewController.m; sourceTree = "<group>"; };
		6277C212164FC8D5006119A9 /* MenuCategoryCell.h */ = {isa = PBXFileReference; fileEncoding = 4; lastKnownFileType = sourcecode.c.h; path = MenuCategoryCell.h; sourceTree = "<group>"; };
		6277C213164FC8D5006119A9 /* MenuCategoryCell.m */ = {isa = PBXFileReference; fileEncoding = 4; lastKnownFileType = sourcecode.c.objc; path = MenuCategoryCell.m; sourceTree = "<group>"; };
		6277C21A164FE4D4006119A9 /* ChannelsViewController.h */ = {isa = PBXFileReference; fileEncoding = 4; lastKnownFileType = sourcecode.c.h; path = ChannelsViewController.h; sourceTree = "<group>"; };
		6277C21B164FE4D4006119A9 /* ChannelsViewController.m */ = {isa = PBXFileReference; fileEncoding = 4; lastKnownFileType = sourcecode.c.objc; path = ChannelsViewController.m; sourceTree = "<group>"; };
		6277C21E164FE567006119A9 /* ChannelCell.h */ = {isa = PBXFileReference; fileEncoding = 4; lastKnownFileType = sourcecode.c.h; path = ChannelCell.h; sourceTree = "<group>"; };
		6277C21F164FE567006119A9 /* ChannelCell.m */ = {isa = PBXFileReference; fileEncoding = 4; lastKnownFileType = sourcecode.c.objc; path = ChannelCell.m; sourceTree = "<group>"; };
		627872131657DBFB00306128 /* LocalConfig.h.tmp */ = {isa = PBXFileReference; fileEncoding = 4; lastKnownFileType = text; path = LocalConfig.h.tmp; sourceTree = "<group>"; };
		627872141657DCAD00306128 /* LocalConfig.h */ = {isa = PBXFileReference; fileEncoding = 4; lastKnownFileType = sourcecode.c.h; path = LocalConfig.h; sourceTree = "<group>"; };
		627872151657DCF900306128 /* Dev-Dev.xcconfig */ = {isa = PBXFileReference; fileEncoding = 4; lastKnownFileType = text.xcconfig; path = "Dev-Dev.xcconfig"; sourceTree = "<group>"; };
		62C893E91652A2BE0093017C /* Program.h */ = {isa = PBXFileReference; fileEncoding = 4; lastKnownFileType = sourcecode.c.h; path = Program.h; sourceTree = "<group>"; };
		62C893EA1652A2BE0093017C /* Program.m */ = {isa = PBXFileReference; fileEncoding = 4; lastKnownFileType = sourcecode.c.objc; path = Program.m; sourceTree = "<group>"; };
		62E6CFEA1632E4B100106FBE /* Orb.app */ = {isa = PBXFileReference; explicitFileType = wrapper.application; includeInIndex = 0; path = Orb.app; sourceTree = BUILT_PRODUCTS_DIR; };
		62E6CFEE1632E4B100106FBE /* UIKit.framework */ = {isa = PBXFileReference; includeInIndex = 1; lastKnownFileType = wrapper.framework; name = UIKit.framework; path = System/Library/Frameworks/UIKit.framework; sourceTree = SDKROOT; };
		62E6CFF01632E4B100106FBE /* Foundation.framework */ = {isa = PBXFileReference; includeInIndex = 1; lastKnownFileType = wrapper.framework; name = Foundation.framework; path = System/Library/Frameworks/Foundation.framework; sourceTree = SDKROOT; };
		62E6CFF21632E4B100106FBE /* CoreGraphics.framework */ = {isa = PBXFileReference; includeInIndex = 1; lastKnownFileType = wrapper.framework; name = CoreGraphics.framework; path = System/Library/Frameworks/CoreGraphics.framework; sourceTree = SDKROOT; };
		62E6CFF61632E4B100106FBE /* Orb-Info.plist */ = {isa = PBXFileReference; lastKnownFileType = text.plist.xml; path = "Orb-Info.plist"; sourceTree = "<group>"; };
		62E6CFF81632E4B100106FBE /* en */ = {isa = PBXFileReference; lastKnownFileType = text.plist.strings; name = en; path = en.lproj/InfoPlist.strings; sourceTree = "<group>"; };
		62E6CFFA1632E4B100106FBE /* main.m */ = {isa = PBXFileReference; lastKnownFileType = sourcecode.c.objc; path = main.m; sourceTree = "<group>"; };
		62E6CFFC1632E4B100106FBE /* Orb-Prefix.pch */ = {isa = PBXFileReference; lastKnownFileType = sourcecode.c.h; path = "Orb-Prefix.pch"; sourceTree = "<group>"; };
		62E6CFFD1632E4B100106FBE /* AppDelegate.h */ = {isa = PBXFileReference; lastKnownFileType = sourcecode.c.h; path = AppDelegate.h; sourceTree = "<group>"; };
		62E6CFFE1632E4B100106FBE /* AppDelegate.m */ = {isa = PBXFileReference; lastKnownFileType = sourcecode.c.objc; path = AppDelegate.m; sourceTree = "<group>"; };
		62E6D0011632E4B100106FBE /* en */ = {isa = PBXFileReference; lastKnownFileType = file.storyboard; name = en; path = en.lproj/MainStoryboard.storyboard; sourceTree = "<group>"; };
		62E6D0031632E4B100106FBE /* ProgramListTableViewController.h */ = {isa = PBXFileReference; lastKnownFileType = sourcecode.c.h; path = ProgramListTableViewController.h; sourceTree = "<group>"; };
		62E6D01C1632E94400106FBE /* dingdang.caf */ = {isa = PBXFileReference; lastKnownFileType = file; path = dingdang.caf; sourceTree = "<group>"; };
		62E6D0481632F99F00106FBE /* Seer.xcdatamodel */ = {isa = PBXFileReference; lastKnownFileType = wrapper.xcdatamodel; path = Seer.xcdatamodel; sourceTree = "<group>"; };
		62E6D04D1633045000106FBE /* Channel.h */ = {isa = PBXFileReference; fileEncoding = 4; lastKnownFileType = sourcecode.c.h; path = Channel.h; sourceTree = "<group>"; };
		62E6D04E1633045000106FBE /* Channel.m */ = {isa = PBXFileReference; fileEncoding = 4; lastKnownFileType = sourcecode.c.objc; path = Channel.m; sourceTree = "<group>"; };
		62E6D0501633D9E000106FBE /* BG.png */ = {isa = PBXFileReference; lastKnownFileType = image.png; path = BG.png; sourceTree = "<group>"; };
		62E6D0511633D9E000106FBE /* BG@2x.png */ = {isa = PBXFileReference; lastKnownFileType = image.png; path = "BG@2x.png"; sourceTree = "<group>"; };
		62E6D0521633D9E000106FBE /* Default.png */ = {isa = PBXFileReference; lastKnownFileType = image.png; path = Default.png; sourceTree = "<group>"; };
		62E6D0531633D9E000106FBE /* Default@2x.png */ = {isa = PBXFileReference; lastKnownFileType = image.png; path = "Default@2x.png"; sourceTree = "<group>"; };
		62E6D0541633D9E000106FBE /* listbg.png */ = {isa = PBXFileReference; lastKnownFileType = image.png; path = listbg.png; sourceTree = "<group>"; };
		62E6D0551633D9E000106FBE /* listbg@2x.png */ = {isa = PBXFileReference; lastKnownFileType = image.png; path = "listbg@2x.png"; sourceTree = "<group>"; };
		62EB60DF164944EC005EA3C0 /* AppContext.h */ = {isa = PBXFileReference; fileEncoding = 4; lastKnownFileType = sourcecode.c.h; path = AppContext.h; sourceTree = "<group>"; };
		62EB60E0164944EC005EA3C0 /* AppContext.m */ = {isa = PBXFileReference; fileEncoding = 4; lastKnownFileType = sourcecode.c.objc; path = AppContext.m; sourceTree = "<group>"; };
		62EE279C1634321B00D66F18 /* ProgramListTableViewController.m */ = {isa = PBXFileReference; fileEncoding = 4; lastKnownFileType = sourcecode.c.objc; path = ProgramListTableViewController.m; sourceTree = "<group>"; };
		62F373921640225C00E0F103 /* RevealRootController.h */ = {isa = PBXFileReference; fileEncoding = 4; lastKnownFileType = sourcecode.c.h; path = RevealRootController.h; sourceTree = "<group>"; };
		62F373931640225C00E0F103 /* RevealRootController.m */ = {isa = PBXFileReference; fileEncoding = 4; lastKnownFileType = sourcecode.c.objc; path = RevealRootController.m; sourceTree = "<group>"; };
		62F373991640246100E0F103 /* SideBarTableViewController.h */ = {isa = PBXFileReference; fileEncoding = 4; lastKnownFileType = sourcecode.c.h; path = SideBarTableViewController.h; sourceTree = "<group>"; };
		62F3739A1640246100E0F103 /* SideBarTableViewController.m */ = {isa = PBXFileReference; fileEncoding = 4; lastKnownFileType = sourcecode.c.objc; path = SideBarTableViewController.m; sourceTree = "<group>"; };
		8007C75E20B64CC3BCEC0AC0 /* Pods.xcconfig */ = {isa = PBXFileReference; includeInIndex = 1; lastKnownFileType = text.xcconfig; name = Pods.xcconfig; path = Pods/Pods.xcconfig; sourceTree = SOURCE_ROOT; };
/* End PBXFileReference section */

/* Begin PBXFrameworksBuildPhase section */
		620BBB2C1657D98400AB3E36 /* Frameworks */ = {
			isa = PBXFrameworksBuildPhase;
			buildActionMask = 2147483647;
			files = (
				620BBB2D1657D98400AB3E36 /* UIKit.framework in Frameworks */,
				620BBB2E1657D98400AB3E36 /* Foundation.framework in Frameworks */,
				620BBB2F1657D98400AB3E36 /* CoreGraphics.framework in Frameworks */,
				620BBB301657D98400AB3E36 /* libPods.a in Frameworks */,
			);
			runOnlyForDeploymentPostprocessing = 0;
		};
		62E6CFE71632E4B100106FBE /* Frameworks */ = {
			isa = PBXFrameworksBuildPhase;
			buildActionMask = 2147483647;
			files = (
				62E6CFEF1632E4B100106FBE /* UIKit.framework in Frameworks */,
				62E6CFF11632E4B100106FBE /* Foundation.framework in Frameworks */,
				62E6CFF31632E4B100106FBE /* CoreGraphics.framework in Frameworks */,
				4F8B81999BBB4B398094C157 /* libPods.a in Frameworks */,
			);
			runOnlyForDeploymentPostprocessing = 0;
		};
/* End PBXFrameworksBuildPhase section */

/* Begin PBXGroup section */
		620BBAB11657D07E00AB3E36 /* Config */ = {
			isa = PBXGroup;
			children = (
				620BBAB31657D09B00AB3E36 /* Share.xcconfig */,
				620BBB141657D90E00AB3E36 /* Dev-LocalDev.xcconfig */,
				627872151657DCF900306128 /* Dev-Dev.xcconfig */,
				620BBB121657D49300AB3E36 /* Dev-Product.xcconfig */,
				620BBB161657D93600AB3E36 /* Release.xcconfig */,
			);
			name = Config;
			sourceTree = "<group>";
		};
		6277C21D164FE544006119A9 /* View */ = {
			isa = PBXGroup;
			children = (
				6277C212164FC8D5006119A9 /* MenuCategoryCell.h */,
				6277C213164FC8D5006119A9 /* MenuCategoryCell.m */,
				625340911638285000B53A58 /* ProgramCell.h */,
				625340921638285000B53A58 /* ProgramCell.m */,
				6277C21E164FE567006119A9 /* ChannelCell.h */,
				6277C21F164FE567006119A9 /* ChannelCell.m */,
			);
			name = View;
			sourceTree = "<group>";
		};
		62E6CFDF1632E4B000106FBE = {
			isa = PBXGroup;
			children = (
				62E6CFF41632E4B100106FBE /* Orb */,
				62E6CFED1632E4B100106FBE /* Frameworks */,
				62E6CFEB1632E4B100106FBE /* Products */,
				8007C75E20B64CC3BCEC0AC0 /* Pods.xcconfig */,
			);
			sourceTree = "<group>";
		};
		62E6CFEB1632E4B100106FBE /* Products */ = {
			isa = PBXGroup;
			children = (
				62E6CFEA1632E4B100106FBE /* Orb.app */,
				620BBB431657D98400AB3E36 /* Orb Dev.app */,
			);
			name = Products;
			sourceTree = "<group>";
		};
		62E6CFED1632E4B100106FBE /* Frameworks */ = {
			isa = PBXGroup;
			children = (
				62E6CFEE1632E4B100106FBE /* UIKit.framework */,
				62E6CFF01632E4B100106FBE /* Foundation.framework */,
				62E6CFF21632E4B100106FBE /* CoreGraphics.framework */,
				2FD1EE3010324CA8944DAB82 /* libPods.a */,
			);
			name = Frameworks;
			sourceTree = "<group>";
		};
		62E6CFF41632E4B100106FBE /* Orb */ = {
			isa = PBXGroup;
			children = (
				620BBAB11657D07E00AB3E36 /* Config */,
				6277C21D164FE544006119A9 /* View */,
				62EB60DD164944CD005EA3C0 /* App */,
				62E6D02B1632EF7500106FBE /* ManagedModel */,
				62E6D01A1632E92200106FBE /* Resources */,
				62E6D0031632E4B100106FBE /* ProgramListTableViewController.h */,
				62EE279C1634321B00D66F18 /* ProgramListTableViewController.m */,
				625C7E7A163442A500665982 /* DetailViewController.h */,
				625C7E7B163442A500665982 /* DetailViewController.m */,
				62E6CFF51632E4B100106FBE /* Supporting Files */,
				62F373921640225C00E0F103 /* RevealRootController.h */,
				62F373931640225C00E0F103 /* RevealRootController.m */,
				62F373991640246100E0F103 /* SideBarTableViewController.h */,
				62F3739A1640246100E0F103 /* SideBarTableViewController.m */,
				621AEFC1164F619600F70FC2 /* OBSearchDisplayController.h */,
				621AEFC2164F619600F70FC2 /* OBSearchDisplayController.m */,
				6277C21A164FE4D4006119A9 /* ChannelsViewController.h */,
				6277C21B164FE4D4006119A9 /* ChannelsViewController.m */,
				625F4B3516529371005B5A6A /* CurrentProgramsViewController.h */,
				625F4B3616529371005B5A6A /* CurrentProgramsViewController.m */,
			);
			path = Orb;
			sourceTree = "<group>";
		};
		62E6CFF51632E4B100106FBE /* Supporting Files */ = {
			isa = PBXGroup;
			children = (
				62E6CFF61632E4B100106FBE /* Orb-Info.plist */,
				620BBB451657D98500AB3E36 /* Orb Dev-Info.plist */,
				62E6CFF71632E4B100106FBE /* InfoPlist.strings */,
				62E6CFFA1632E4B100106FBE /* main.m */,
				62E6CFFC1632E4B100106FBE /* Orb-Prefix.pch */,
			);
			name = "Supporting Files";
			sourceTree = "<group>";
		};
		62E6D01A1632E92200106FBE /* Resources */ = {
			isa = PBXGroup;
			children = (
				62E6D0501633D9E000106FBE /* BG.png */,
				62E6D0511633D9E000106FBE /* BG@2x.png */,
				62E6D0521633D9E000106FBE /* Default.png */,
				62E6D0531633D9E000106FBE /* Default@2x.png */,
				62E6D0541633D9E000106FBE /* listbg.png */,
				62E6D0551633D9E000106FBE /* listbg@2x.png */,
				62E6D01C1632E94400106FBE /* dingdang.caf */,
				62E6D0471632F99F00106FBE /* Seer.xcdatamodeld */,
			);
			name = Resources;
			sourceTree = "<group>";
		};
		62E6D02B1632EF7500106FBE /* ManagedModel */ = {
			isa = PBXGroup;
			children = (
				62E6D04D1633045000106FBE /* Channel.h */,
				62E6D04E1633045000106FBE /* Channel.m */,
				62C893E91652A2BE0093017C /* Program.h */,
				62C893EA1652A2BE0093017C /* Program.m */,
			);
			name = ManagedModel;
			sourceTree = "<group>";
		};
		62EB60DD164944CD005EA3C0 /* App */ = {
			isa = PBXGroup;
			children = (
				62E6CFFD1632E4B100106FBE /* AppDelegate.h */,
				62E6CFFE1632E4B100106FBE /* AppDelegate.m */,
				62EB60DF164944EC005EA3C0 /* AppContext.h */,
				62EB60E0164944EC005EA3C0 /* AppContext.m */,
				621AEFB0164D419400F70FC2 /* AppContext+Data.h */,
				621AEFB1164D419400F70FC2 /* AppContext+Data.m */,
				621AEFB4164D425400F70FC2 /* AppContext+RestKit.h */,
				621AEFB5164D425400F70FC2 /* AppContext+RestKit.m */,
				621AEFB7164D42EC00F70FC2 /* AppConsts.h */,
				621AEFB8164D433000F70FC2 /* AppCommon.h */,
				621AEFC0164E063B00F70FC2 /* AppDefines.h */,
				620BBB111657D36200AB3E36 /* AppConfig.h */,
				62E6D0001632E4B100106FBE /* MainStoryboard.storyboard */,
				627872131657DBFB00306128 /* LocalConfig.h.tmp */,
				627872141657DCAD00306128 /* LocalConfig.h */,
			);
			name = App;
			sourceTree = "<group>";
		};
/* End PBXGroup section */

/* Begin PBXNativeTarget section */
		620BBB181657D98400AB3E36 /* Orb Dev */ = {
			isa = PBXNativeTarget;
			buildConfigurationList = 620BBB401657D98400AB3E36 /* Build configuration list for PBXNativeTarget "Orb Dev" */;
			buildPhases = (
				620BBB191657D98400AB3E36 /* Sources */,
				620BBB2C1657D98400AB3E36 /* Frameworks */,
				620BBB311657D98400AB3E36 /* Resources */,
				620BBB3F1657D98400AB3E36 /* Copy Pods Resources */,
			);
			buildRules = (
			);
			dependencies = (
			);
			name = "Orb Dev";
			productName = Orb;
			productReference = 620BBB431657D98400AB3E36 /* Orb Dev.app */;
			productType = "com.apple.product-type.application";
		};
		62E6CFE91632E4B100106FBE /* Orb */ = {
			isa = PBXNativeTarget;
			buildConfigurationList = 62E6D0081632E4B100106FBE /* Build configuration list for PBXNativeTarget "Orb" */;
			buildPhases = (
				62E6CFE61632E4B100106FBE /* Sources */,
				62E6CFE71632E4B100106FBE /* Frameworks */,
				62E6CFE81632E4B100106FBE /* Resources */,
				F1B9673EEB8643339E2A7D35 /* Copy Pods Resources */,
			);
			buildRules = (
			);
			dependencies = (
			);
			name = Orb;
			productName = Orb;
			productReference = 62E6CFEA1632E4B100106FBE /* Orb.app */;
			productType = "com.apple.product-type.application";
		};
/* End PBXNativeTarget section */

/* Begin PBXProject section */
		62E6CFE11632E4B000106FBE /* Project object */ = {
			isa = PBXProject;
			attributes = {
				LastUpgradeCheck = 0440;
				ORGANIZATIONNAME = everbird;
			};
			buildConfigurationList = 62E6CFE41632E4B000106FBE /* Build configuration list for PBXProject "Orb" */;
			compatibilityVersion = "Xcode 3.2";
			developmentRegion = English;
			hasScannedForEncodings = 0;
			knownRegions = (
				en,
			);
			mainGroup = 62E6CFDF1632E4B000106FBE;
			productRefGroup = 62E6CFEB1632E4B100106FBE /* Products */;
			projectDirPath = "";
			projectRoot = "";
			targets = (
				62E6CFE91632E4B100106FBE /* Orb */,
				620BBB181657D98400AB3E36 /* Orb Dev */,
			);
		};
/* End PBXProject section */

/* Begin PBXResourcesBuildPhase section */
		620BBB311657D98400AB3E36 /* Resources */ = {
			isa = PBXResourcesBuildPhase;
			buildActionMask = 2147483647;
			files = (
				620BBB321657D98400AB3E36 /* InfoPlist.strings in Resources */,
				620BBB331657D98400AB3E36 /* MainStoryboard.storyboard in Resources */,
				620BBB341657D98400AB3E36 /* dingdang.caf in Resources */,
				620BBB351657D98400AB3E36 /* BG.png in Resources */,
				620BBB361657D98400AB3E36 /* BG@2x.png in Resources */,
				620BBB371657D98400AB3E36 /* Default.png in Resources */,
				620BBB381657D98400AB3E36 /* Default@2x.png in Resources */,
				620BBB391657D98400AB3E36 /* listbg.png in Resources */,
				620BBB3A1657D98400AB3E36 /* listbg@2x.png in Resources */,
				620BBB3B1657D98400AB3E36 /* Share.xcconfig in Resources */,
				620BBB3C1657D98400AB3E36 /* Dev-Product.xcconfig in Resources */,
				620BBB3D1657D98400AB3E36 /* Dev-LocalDev.xcconfig in Resources */,
				620BBB3E1657D98400AB3E36 /* Release.xcconfig in Resources */,
				627872171657DCF900306128 /* Dev-Dev.xcconfig in Resources */,
			);
			runOnlyForDeploymentPostprocessing = 0;
		};
		62E6CFE81632E4B100106FBE /* Resources */ = {
			isa = PBXResourcesBuildPhase;
			buildActionMask = 2147483647;
			files = (
				62E6CFF91632E4B100106FBE /* InfoPlist.strings in Resources */,
				62E6D0021632E4B100106FBE /* MainStoryboard.storyboard in Resources */,
				62E6D01D1632E94400106FBE /* dingdang.caf in Resources */,
				62E6D0561633D9E000106FBE /* BG.png in Resources */,
				62E6D0571633D9E000106FBE /* BG@2x.png in Resources */,
				62E6D0581633D9E000106FBE /* Default.png in Resources */,
				62E6D0591633D9E000106FBE /* Default@2x.png in Resources */,
				62E6D05A1633D9E000106FBE /* listbg.png in Resources */,
				62E6D05B1633D9E000106FBE /* listbg@2x.png in Resources */,
				620BBAB41657D09B00AB3E36 /* Share.xcconfig in Resources */,
				620BBB131657D49300AB3E36 /* Dev-Product.xcconfig in Resources */,
				620BBB151657D90E00AB3E36 /* Dev-LocalDev.xcconfig in Resources */,
				620BBB171657D93600AB3E36 /* Release.xcconfig in Resources */,
				627872161657DCF900306128 /* Dev-Dev.xcconfig in Resources */,
			);
			runOnlyForDeploymentPostprocessing = 0;
		};
/* End PBXResourcesBuildPhase section */

/* Begin PBXShellScriptBuildPhase section */
		620BBB3F1657D98400AB3E36 /* Copy Pods Resources */ = {
			isa = PBXShellScriptBuildPhase;
			buildActionMask = 2147483647;
			files = (
			);
			inputPaths = (
			);
			name = "Copy Pods Resources";
			outputPaths = (
			);
			runOnlyForDeploymentPostprocessing = 0;
			shellPath = /bin/sh;
			shellScript = "\"${SRCROOT}/Pods/Pods-resources.sh\"\n";
		};
		F1B9673EEB8643339E2A7D35 /* Copy Pods Resources */ = {
			isa = PBXShellScriptBuildPhase;
			buildActionMask = 2147483647;
			files = (
			);
			inputPaths = (
			);
			name = "Copy Pods Resources";
			outputPaths = (
			);
			runOnlyForDeploymentPostprocessing = 0;
			shellPath = /bin/sh;
			shellScript = "\"${SRCROOT}/Pods/Pods-resources.sh\"\n";
		};
/* End PBXShellScriptBuildPhase section */

/* Begin PBXSourcesBuildPhase section */
		620BBB191657D98400AB3E36 /* Sources */ = {
			isa = PBXSourcesBuildPhase;
			buildActionMask = 2147483647;
			files = (
				620BBB1A1657D98400AB3E36 /* main.m in Sources */,
				620BBB1B1657D98400AB3E36 /* AppDelegate.m in Sources */,
				620BBB1C1657D98400AB3E36 /* Seer.xcdatamodeld in Sources */,
				620BBB1D1657D98400AB3E36 /* Channel.m in Sources */,
				620BBB1E1657D98400AB3E36 /* ProgramListTableViewController.m in Sources */,
				620BBB1F1657D98400AB3E36 /* DetailViewController.m in Sources */,
				620BBB201657D98400AB3E36 /* ProgramCell.m in Sources */,
				620BBB211657D98400AB3E36 /* RevealRootController.m in Sources */,
				620BBB221657D98400AB3E36 /* SideBarTableViewController.m in Sources */,
				620BBB231657D98400AB3E36 /* AppContext.m in Sources */,
				620BBB241657D98400AB3E36 /* AppContext+Data.m in Sources */,
				620BBB251657D98400AB3E36 /* AppContext+RestKit.m in Sources */,
				620BBB261657D98400AB3E36 /* OBSearchDisplayController.m in Sources */,
				620BBB271657D98400AB3E36 /* MenuCategoryCell.m in Sources */,
				620BBB281657D98400AB3E36 /* ChannelsViewController.m in Sources */,
				620BBB291657D98400AB3E36 /* ChannelCell.m in Sources */,
				620BBB2A1657D98400AB3E36 /* CurrentProgramsViewController.m in Sources */,
				620BBB2B1657D98400AB3E36 /* Program.m in Sources */,
			);
			runOnlyForDeploymentPostprocessing = 0;
		};
		62E6CFE61632E4B100106FBE /* Sources */ = {
			isa = PBXSourcesBuildPhase;
			buildActionMask = 2147483647;
			files = (
				62E6CFFB1632E4B100106FBE /* main.m in Sources */,
				62E6CFFF1632E4B100106FBE /* AppDelegate.m in Sources */,
				62E6D0491632F99F00106FBE /* Seer.xcdatamodeld in Sources */,
				62E6D04F1633045000106FBE /* Channel.m in Sources */,
				62EE279D1634321B00D66F18 /* ProgramListTableViewController.m in Sources */,
				625C7E7C163442A500665982 /* DetailViewController.m in Sources */,
				625340931638285000B53A58 /* ProgramCell.m in Sources */,
				62F373941640225C00E0F103 /* RevealRootController.m in Sources */,
				62F3739B1640246100E0F103 /* SideBarTableViewController.m in Sources */,
				62EB60E1164944EC005EA3C0 /* AppContext.m in Sources */,
				621AEFB2164D419400F70FC2 /* AppContext+Data.m in Sources */,
				621AEFB6164D425400F70FC2 /* AppContext+RestKit.m in Sources */,
				621AEFC3164F619600F70FC2 /* OBSearchDisplayController.m in Sources */,
				6277C214164FC8D5006119A9 /* MenuCategoryCell.m in Sources */,
				6277C21C164FE4D4006119A9 /* ChannelsViewController.m in Sources */,
				6277C220164FE567006119A9 /* ChannelCell.m in Sources */,
				625F4B3716529371005B5A6A /* CurrentProgramsViewController.m in Sources */,
				62C893EB1652A2BE0093017C /* Program.m in Sources */,
			);
			runOnlyForDeploymentPostprocessing = 0;
		};
/* End PBXSourcesBuildPhase section */

/* Begin PBXVariantGroup section */
		62E6CFF71632E4B100106FBE /* InfoPlist.strings */ = {
			isa = PBXVariantGroup;
			children = (
				62E6CFF81632E4B100106FBE /* en */,
			);
			name = InfoPlist.strings;
			sourceTree = "<group>";
		};
		62E6D0001632E4B100106FBE /* MainStoryboard.storyboard */ = {
			isa = PBXVariantGroup;
			children = (
				62E6D0011632E4B100106FBE /* en */,
			);
			name = MainStoryboard.storyboard;
			sourceTree = "<group>";
		};
/* End PBXVariantGroup section */

/* Begin XCBuildConfiguration section */
		620BBB411657D98400AB3E36 /* Debug */ = {
			isa = XCBuildConfiguration;
			baseConfigurationReference = 620BBB141657D90E00AB3E36 /* Dev-LocalDev.xcconfig */;
			buildSettings = {
				GCC_PRECOMPILE_PREFIX_HEADER = YES;
				GCC_PREFIX_HEADER = "Orb/Orb-Prefix.pch";
				INFOPLIST_FILE = "Orb Dev-Info.plist";
				PRODUCT_NAME = "Orb Dev";
				WRAPPER_EXTENSION = app;
			};
			name = Debug;
		};
		620BBB421657D98400AB3E36 /* Release */ = {
			isa = XCBuildConfiguration;
			buildSettings = {
				GCC_PRECOMPILE_PREFIX_HEADER = YES;
				GCC_PREFIX_HEADER = "Orb/Orb-Prefix.pch";
				INFOPLIST_FILE = "Orb Dev-Info.plist";
				PRODUCT_NAME = "Orb Dev";
				WRAPPER_EXTENSION = app;
			};
			name = Release;
		};
		62E6D0061632E4B100106FBE /* Debug */ = {
			isa = XCBuildConfiguration;
			buildSettings = {
				ALWAYS_SEARCH_USER_PATHS = NO;
				ARCHS = "$(ARCHS_STANDARD_32_BIT)";
				CLANG_CXX_LANGUAGE_STANDARD = "gnu++0x";
				CLANG_ENABLE_OBJC_ARC = YES;
				CLANG_WARN__DUPLICATE_METHOD_MATCH = YES;
				"CODE_SIGN_IDENTITY[sdk=iphoneos*]" = "iPhone Developer";
				COPY_PHASE_STRIP = NO;
				GCC_C_LANGUAGE_STANDARD = gnu99;
				GCC_DYNAMIC_NO_PIC = NO;
				GCC_OPTIMIZATION_LEVEL = 0;
				GCC_PREPROCESSOR_DEFINITIONS = (
					"DEBUG=1",
					"$(inherited)",
				);
				GCC_SYMBOLS_PRIVATE_EXTERN = NO;
				GCC_VERSION = com.apple.compilers.llvm.clang.1_0;
				GCC_WARN_ABOUT_RETURN_TYPE = YES;
				GCC_WARN_UNINITIALIZED_AUTOS = YES;
				GCC_WARN_UNUSED_VARIABLE = YES;
				IPHONEOS_DEPLOYMENT_TARGET = 5.1;
				SDKROOT = iphoneos;
			};
			name = Debug;
		};
		62E6D0071632E4B100106FBE /* Release */ = {
			isa = XCBuildConfiguration;
			buildSettings = {
				ALWAYS_SEARCH_USER_PATHS = NO;
				ARCHS = "$(ARCHS_STANDARD_32_BIT)";
				CLANG_CXX_LANGUAGE_STANDARD = "gnu++0x";
				CLANG_ENABLE_OBJC_ARC = YES;
				CLANG_WARN__DUPLICATE_METHOD_MATCH = YES;
				"CODE_SIGN_IDENTITY[sdk=iphoneos*]" = "iPhone Developer";
				COPY_PHASE_STRIP = YES;
				GCC_C_LANGUAGE_STANDARD = gnu99;
				GCC_VERSION = com.apple.compilers.llvm.clang.1_0;
				GCC_WARN_ABOUT_RETURN_TYPE = YES;
				GCC_WARN_UNINITIALIZED_AUTOS = YES;
				GCC_WARN_UNUSED_VARIABLE = YES;
				IPHONEOS_DEPLOYMENT_TARGET = 5.1;
				OTHER_CFLAGS = "-DNS_BLOCK_ASSERTIONS=1";
				SDKROOT = iphoneos;
				VALIDATE_PRODUCT = YES;
			};
			name = Release;
		};
		62E6D0091632E4B100106FBE /* Debug */ = {
			isa = XCBuildConfiguration;
			baseConfigurationReference = 620BBB121657D49300AB3E36 /* Dev-Product.xcconfig */;
			buildSettings = {
				GCC_PRECOMPILE_PREFIX_HEADER = YES;
				GCC_PREFIX_HEADER = "Orb/Orb-Prefix.pch";
				INFOPLIST_FILE = "Orb/Orb-Info.plist";
				PRODUCT_NAME = "$(TARGET_NAME)";
				WRAPPER_EXTENSION = app;
			};
			name = Debug;
		};
		62E6D00A1632E4B100106FBE /* Release */ = {
			isa = XCBuildConfiguration;
			baseConfigurationReference = 620BBB161657D93600AB3E36 /* Release.xcconfig */;
			buildSettings = {
				GCC_PRECOMPILE_PREFIX_HEADER = YES;
				GCC_PREFIX_HEADER = "Orb/Orb-Prefix.pch";
				INFOPLIST_FILE = "Orb/Orb-Info.plist";
				PRODUCT_NAME = "$(TARGET_NAME)";
				WRAPPER_EXTENSION = app;
			};
			name = Release;
		};
/* End XCBuildConfiguration section */

/* Begin XCConfigurationList section */
		620BBB401657D98400AB3E36 /* Build configuration list for PBXNativeTarget "Orb Dev" */ = {
			isa = XCConfigurationList;
			buildConfigurations = (
				620BBB411657D98400AB3E36 /* Debug */,
				620BBB421657D98400AB3E36 /* Release */,
			);
			defaultConfigurationIsVisible = 0;
			defaultConfigurationName = Release;
		};
		62E6CFE41632E4B000106FBE /* Build configuration list for PBXProject "Orb" */ = {
			isa = XCConfigurationList;
			buildConfigurations = (
				62E6D0061632E4B100106FBE /* Debug */,
				62E6D0071632E4B100106FBE /* Release */,
			);
			defaultConfigurationIsVisible = 0;
			defaultConfigurationName = Release;
		};
		62E6D0081632E4B100106FBE /* Build configuration list for PBXNativeTarget "Orb" */ = {
			isa = XCConfigurationList;
			buildConfigurations = (
				62E6D0091632E4B100106FBE /* Debug */,
				62E6D00A1632E4B100106FBE /* Release */,
			);
			defaultConfigurationIsVisible = 0;
			defaultConfigurationName = Release;
		};
/* End XCConfigurationList section */

/* Begin XCVersionGroup section */
		62E6D0471632F99F00106FBE /* Seer.xcdatamodeld */ = {
			isa = XCVersionGroup;
			children = (
				62E6D0481632F99F00106FBE /* Seer.xcdatamodel */,
			);
			currentVersion = 62E6D0481632F99F00106FBE /* Seer.xcdatamodel */;
			path = Seer.xcdatamodeld;
			sourceTree = "<group>";
			versionGroupType = wrapper.xcdatamodel;
		};
/* End XCVersionGroup section */
	};
	rootObject = 62E6CFE11632E4B000106FBE /* Project object */;
}
